// !$*UTF8*$!
{
	archiveVersion = 1;
	classes = {
	};
	objectVersion = 56;
	objects = {

/* Begin PBXBuildFile section */
		8F1183B72A6E975800F012FA /* LogInScreenApp.swift in Sources */ = {isa = PBXBuildFile; fileRef = 8F1183B62A6E975800F012FA /* LogInScreenApp.swift */; };
		8F1183B92A6E975800F012FA /* LogInScreen.swift in Sources */ = {isa = PBXBuildFile; fileRef = 8F1183B82A6E975800F012FA /* LogInScreen.swift */; };
		8F1183BB2A6E975900F012FA /* Assets.xcassets in Resources */ = {isa = PBXBuildFile; fileRef = 8F1183BA2A6E975900F012FA /* Assets.xcassets */; };
		8F1183BE2A6E975900F012FA /* Preview Assets.xcassets in Resources */ = {isa = PBXBuildFile; fileRef = 8F1183BD2A6E975900F012FA /* Preview Assets.xcassets */; };
		8F1183C82A6E975900F012FA /* LogInScreenTests.swift in Sources */ = {isa = PBXBuildFile; fileRef = 8F1183C72A6E975900F012FA /* LogInScreenTests.swift */; };
		8F1183D22A6E975900F012FA /* LogInScreenUITests.swift in Sources */ = {isa = PBXBuildFile; fileRef = 8F1183D12A6E975900F012FA /* LogInScreenUITests.swift */; };
		8F1183D42A6E975900F012FA /* LogInScreenUITestsLaunchTests.swift in Sources */ = {isa = PBXBuildFile; fileRef = 8F1183D32A6E975900F012FA /* LogInScreenUITestsLaunchTests.swift */; };
		8F1183E12A6FA8CF00F012FA /* RegistrationPage.swift in Sources */ = {isa = PBXBuildFile; fileRef = 8F1183E02A6FA8CF00F012FA /* RegistrationPage.swift */; };
		8F1183E62A6FF76F00F012FA /* Constants.swift in Sources */ = {isa = PBXBuildFile; fileRef = 8F1183E52A6FF76F00F012FA /* Constants.swift */; };
		8F1183EB2A70E0E100F012FA /* RegistrationModel.swift in Sources */ = {isa = PBXBuildFile; fileRef = 8F1183EA2A70E0E100F012FA /* RegistrationModel.swift */; };
		8F1183ED2A70E29F00F012FA /* RegisterViewModel.swift in Sources */ = {isa = PBXBuildFile; fileRef = 8F1183EC2A70E29F00F012FA /* RegisterViewModel.swift */; };
		8F1183F02A70F85F00F012FA /* NetworkCalls.swift in Sources */ = {isa = PBXBuildFile; fileRef = 8F1183EF2A70F85F00F012FA /* NetworkCalls.swift */; };
		8F1183F22A70FFCA00F012FA /* ResponseFile.swift in Sources */ = {isa = PBXBuildFile; fileRef = 8F1183F12A70FFC900F012FA /* ResponseFile.swift */; };
/* End PBXBuildFile section */

/* Begin PBXContainerItemProxy section */
		8F1183C42A6E975900F012FA /* PBXContainerItemProxy */ = {
			isa = PBXContainerItemProxy;
			containerPortal = 8F1183AB2A6E975800F012FA /* Project object */;
			proxyType = 1;
			remoteGlobalIDString = 8F1183B22A6E975800F012FA;
			remoteInfo = LogInScreen;
		};
		8F1183CE2A6E975900F012FA /* PBXContainerItemProxy */ = {
			isa = PBXContainerItemProxy;
			containerPortal = 8F1183AB2A6E975800F012FA /* Project object */;
			proxyType = 1;
			remoteGlobalIDString = 8F1183B22A6E975800F012FA;
			remoteInfo = LogInScreen;
		};
/* End PBXContainerItemProxy section */

/* Begin PBXFileReference section */
		8F1183B32A6E975800F012FA /* LogInScreen.app */ = {isa = PBXFileReference; explicitFileType = wrapper.application; includeInIndex = 0; path = LogInScreen.app; sourceTree = BUILT_PRODUCTS_DIR; };
		8F1183B62A6E975800F012FA /* LogInScreenApp.swift */ = {isa = PBXFileReference; lastKnownFileType = sourcecode.swift; path = LogInScreenApp.swift; sourceTree = "<group>"; };
		8F1183B82A6E975800F012FA /* LogInScreen.swift */ = {isa = PBXFileReference; lastKnownFileType = sourcecode.swift; path = LogInScreen.swift; sourceTree = "<group>"; };
		8F1183BA2A6E975900F012FA /* Assets.xcassets */ = {isa = PBXFileReference; lastKnownFileType = folder.assetcatalog; path = Assets.xcassets; sourceTree = "<group>"; };
		8F1183BD2A6E975900F012FA /* Preview Assets.xcassets */ = {isa = PBXFileReference; lastKnownFileType = folder.assetcatalog; path = "Preview Assets.xcassets"; sourceTree = "<group>"; };
		8F1183C32A6E975900F012FA /* LogInScreenTests.xctest */ = {isa = PBXFileReference; explicitFileType = wrapper.cfbundle; includeInIndex = 0; path = LogInScreenTests.xctest; sourceTree = BUILT_PRODUCTS_DIR; };
		8F1183C72A6E975900F012FA /* LogInScreenTests.swift */ = {isa = PBXFileReference; lastKnownFileType = sourcecode.swift; path = LogInScreenTests.swift; sourceTree = "<group>"; };
		8F1183CD2A6E975900F012FA /* LogInScreenUITests.xctest */ = {isa = PBXFileReference; explicitFileType = wrapper.cfbundle; includeInIndex = 0; path = LogInScreenUITests.xctest; sourceTree = BUILT_PRODUCTS_DIR; };
		8F1183D12A6E975900F012FA /* LogInScreenUITests.swift */ = {isa = PBXFileReference; lastKnownFileType = sourcecode.swift; path = LogInScreenUITests.swift; sourceTree = "<group>"; };
		8F1183D32A6E975900F012FA /* LogInScreenUITestsLaunchTests.swift */ = {isa = PBXFileReference; lastKnownFileType = sourcecode.swift; path = LogInScreenUITestsLaunchTests.swift; sourceTree = "<group>"; };
		8F1183E02A6FA8CF00F012FA /* RegistrationPage.swift */ = {isa = PBXFileReference; lastKnownFileType = sourcecode.swift; path = RegistrationPage.swift; sourceTree = "<group>"; };
		8F1183E52A6FF76F00F012FA /* Constants.swift */ = {isa = PBXFileReference; lastKnownFileType = sourcecode.swift; path = Constants.swift; sourceTree = "<group>"; };
		8F1183EA2A70E0E100F012FA /* RegistrationModel.swift */ = {isa = PBXFileReference; lastKnownFileType = sourcecode.swift; path = RegistrationModel.swift; sourceTree = "<group>"; };
		8F1183EC2A70E29F00F012FA /* RegisterViewModel.swift */ = {isa = PBXFileReference; lastKnownFileType = sourcecode.swift; path = RegisterViewModel.swift; sourceTree = "<group>"; };
		8F1183EF2A70F85F00F012FA /* NetworkCalls.swift */ = {isa = PBXFileReference; lastKnownFileType = sourcecode.swift; path = NetworkCalls.swift; sourceTree = "<group>"; };
		8F1183F12A70FFC900F012FA /* ResponseFile.swift */ = {isa = PBXFileReference; lastKnownFileType = sourcecode.swift; path = ResponseFile.swift; sourceTree = "<group>"; };
/* End PBXFileReference section */

/* Begin PBXFrameworksBuildPhase section */
		8F1183B02A6E975800F012FA /* Frameworks */ = {
			isa = PBXFrameworksBuildPhase;
			buildActionMask = 2147483647;
			files = (
			);
			runOnlyForDeploymentPostprocessing = 0;
		};
		8F1183C02A6E975900F012FA /* Frameworks */ = {
			isa = PBXFrameworksBuildPhase;
			buildActionMask = 2147483647;
			files = (
			);
			runOnlyForDeploymentPostprocessing = 0;
		};
		8F1183CA2A6E975900F012FA /* Frameworks */ = {
			isa = PBXFrameworksBuildPhase;
			buildActionMask = 2147483647;
			files = (
			);
			runOnlyForDeploymentPostprocessing = 0;
		};
/* End PBXFrameworksBuildPhase section */

/* Begin PBXGroup section */
		8F1183AA2A6E975800F012FA = {
			isa = PBXGroup;
			children = (
				8F1183B52A6E975800F012FA /* LogInScreen */,
				8F1183C62A6E975900F012FA /* LogInScreenTests */,
				8F1183D02A6E975900F012FA /* LogInScreenUITests */,
				8F1183B42A6E975800F012FA /* Products */,
			);
			sourceTree = "<group>";
		};
		8F1183B42A6E975800F012FA /* Products */ = {
			isa = PBXGroup;
			children = (
				8F1183B32A6E975800F012FA /* LogInScreen.app */,
				8F1183C32A6E975900F012FA /* LogInScreenTests.xctest */,
				8F1183CD2A6E975900F012FA /* LogInScreenUITests.xctest */,
			);
			name = Products;
			sourceTree = "<group>";
		};
		8F1183B52A6E975800F012FA /* LogInScreen */ = {
			isa = PBXGroup;
			children = (
				8F1183EE2A70F7B400F012FA /* Network */,
				8F1183E92A70E04700F012FA /* Model */,
				8F1183E82A70E03A00F012FA /* viewModel */,
				8F1183E72A70E02E00F012FA /* views */,
				8F1183E42A6FF75D00F012FA /* Shared */,
				8F1183B62A6E975800F012FA /* LogInScreenApp.swift */,
				8F1183BA2A6E975900F012FA /* Assets.xcassets */,
				8F1183BC2A6E975900F012FA /* Preview Content */,
			);
			path = LogInScreen;
			sourceTree = "<group>";
		};
		8F1183BC2A6E975900F012FA /* Preview Content */ = {
			isa = PBXGroup;
			children = (
				8F1183BD2A6E975900F012FA /* Preview Assets.xcassets */,
			);
			path = "Preview Content";
			sourceTree = "<group>";
		};
		8F1183C62A6E975900F012FA /* LogInScreenTests */ = {
			isa = PBXGroup;
			children = (
				8F1183C72A6E975900F012FA /* LogInScreenTests.swift */,
			);
			path = LogInScreenTests;
			sourceTree = "<group>";
		};
		8F1183D02A6E975900F012FA /* LogInScreenUITests */ = {
			isa = PBXGroup;
			children = (
				8F1183D12A6E975900F012FA /* LogInScreenUITests.swift */,
				8F1183D32A6E975900F012FA /* LogInScreenUITestsLaunchTests.swift */,
			);
			path = LogInScreenUITests;
			sourceTree = "<group>";
		};
		8F1183E42A6FF75D00F012FA /* Shared */ = {
			isa = PBXGroup;
			children = (
				8F1183E52A6FF76F00F012FA /* Constants.swift */,
				8F1183F12A70FFC900F012FA /* ResponseFile.swift */,
			);
			path = Shared;
			sourceTree = "<group>";
		};
		8F1183E72A70E02E00F012FA /* views */ = {
			isa = PBXGroup;
			children = (
				8F1183E02A6FA8CF00F012FA /* RegistrationPage.swift */,
				8F1183B82A6E975800F012FA /* LogInScreen.swift */,
			);
			path = views;
			sourceTree = "<group>";
		};
		8F1183E82A70E03A00F012FA /* viewModel */ = {
			isa = PBXGroup;
			children = (
				8F1183EC2A70E29F00F012FA /* RegisterViewModel.swift */,
			);
			path = viewModel;
			sourceTree = "<group>";
		};
		8F1183E92A70E04700F012FA /* Model */ = {
			isa = PBXGroup;
			children = (
				8F1183EA2A70E0E100F012FA /* RegistrationModel.swift */,
			);
			path = Model;
			sourceTree = "<group>";
		};
		8F1183EE2A70F7B400F012FA /* Network */ = {
			isa = PBXGroup;
			children = (
				8F1183EF2A70F85F00F012FA /* NetworkCalls.swift */,
			);
			path = Network;
			sourceTree = "<group>";
		};
/* End PBXGroup section */

/* Begin PBXNativeTarget section */
		8F1183B22A6E975800F012FA /* LogInScreen */ = {
			isa = PBXNativeTarget;
			buildConfigurationList = 8F1183D72A6E975900F012FA /* Build configuration list for PBXNativeTarget "LogInScreen" */;
			buildPhases = (
				8F1183AF2A6E975800F012FA /* Sources */,
				8F1183B02A6E975800F012FA /* Frameworks */,
				8F1183B12A6E975800F012FA /* Resources */,
			);
			buildRules = (
			);
			dependencies = (
			);
			name = LogInScreen;
			productName = LogInScreen;
			productReference = 8F1183B32A6E975800F012FA /* LogInScreen.app */;
			productType = "com.apple.product-type.application";
		};
		8F1183C22A6E975900F012FA /* LogInScreenTests */ = {
			isa = PBXNativeTarget;
			buildConfigurationList = 8F1183DA2A6E975900F012FA /* Build configuration list for PBXNativeTarget "LogInScreenTests" */;
			buildPhases = (
				8F1183BF2A6E975900F012FA /* Sources */,
				8F1183C02A6E975900F012FA /* Frameworks */,
				8F1183C12A6E975900F012FA /* Resources */,
			);
			buildRules = (
			);
			dependencies = (
				8F1183C52A6E975900F012FA /* PBXTargetDependency */,
			);
			name = LogInScreenTests;
			productName = LogInScreenTests;
			productReference = 8F1183C32A6E975900F012FA /* LogInScreenTests.xctest */;
			productType = "com.apple.product-type.bundle.unit-test";
		};
		8F1183CC2A6E975900F012FA /* LogInScreenUITests */ = {
			isa = PBXNativeTarget;
			buildConfigurationList = 8F1183DD2A6E975900F012FA /* Build configuration list for PBXNativeTarget "LogInScreenUITests" */;
			buildPhases = (
				8F1183C92A6E975900F012FA /* Sources */,
				8F1183CA2A6E975900F012FA /* Frameworks */,
				8F1183CB2A6E975900F012FA /* Resources */,
			);
			buildRules = (
			);
			dependencies = (
				8F1183CF2A6E975900F012FA /* PBXTargetDependency */,
			);
			name = LogInScreenUITests;
			productName = LogInScreenUITests;
			productReference = 8F1183CD2A6E975900F012FA /* LogInScreenUITests.xctest */;
			productType = "com.apple.product-type.bundle.ui-testing";
		};
/* End PBXNativeTarget section */

/* Begin PBXProject section */
		8F1183AB2A6E975800F012FA /* Project object */ = {
			isa = PBXProject;
			attributes = {
				BuildIndependentTargetsInParallel = 1;
				LastSwiftUpdateCheck = 1420;
				LastUpgradeCheck = 1420;
				TargetAttributes = {
					8F1183B22A6E975800F012FA = {
						CreatedOnToolsVersion = 14.2;
					};
					8F1183C22A6E975900F012FA = {
						CreatedOnToolsVersion = 14.2;
						TestTargetID = 8F1183B22A6E975800F012FA;
					};
					8F1183CC2A6E975900F012FA = {
						CreatedOnToolsVersion = 14.2;
						TestTargetID = 8F1183B22A6E975800F012FA;
					};
				};
			};
			buildConfigurationList = 8F1183AE2A6E975800F012FA /* Build configuration list for PBXProject "LogInScreen" */;
			compatibilityVersion = "Xcode 14.0";
			developmentRegion = en;
			hasScannedForEncodings = 0;
			knownRegions = (
				en,
				Base,
			);
			mainGroup = 8F1183AA2A6E975800F012FA;
			productRefGroup = 8F1183B42A6E975800F012FA /* Products */;
			projectDirPath = "";
			projectRoot = "";
			targets = (
				8F1183B22A6E975800F012FA /* LogInScreen */,
				8F1183C22A6E975900F012FA /* LogInScreenTests */,
				8F1183CC2A6E975900F012FA /* LogInScreenUITests */,
			);
		};
/* End PBXProject section */

/* Begin PBXResourcesBuildPhase section */
		8F1183B12A6E975800F012FA /* Resources */ = {
			isa = PBXResourcesBuildPhase;
			buildActionMask = 2147483647;
			files = (
				8F1183BE2A6E975900F012FA /* Preview Assets.xcassets in Resources */,
				8F1183BB2A6E975900F012FA /* Assets.xcassets in Resources */,
			);
			runOnlyForDeploymentPostprocessing = 0;
		};
		8F1183C12A6E975900F012FA /* Resources */ = {
			isa = PBXResourcesBuildPhase;
			buildActionMask = 2147483647;
			files = (
			);
			runOnlyForDeploymentPostprocessing = 0;
		};
		8F1183CB2A6E975900F012FA /* Resources */ = {
			isa = PBXResourcesBuildPhase;
			buildActionMask = 2147483647;
			files = (
			);
			runOnlyForDeploymentPostprocessing = 0;
		};
/* End PBXResourcesBuildPhase section */

/* Begin PBXSourcesBuildPhase section */
		8F1183AF2A6E975800F012FA /* Sources */ = {
			isa = PBXSourcesBuildPhase;
			buildActionMask = 2147483647;
			files = (
				8F1183B92A6E975800F012FA /* LogInScreen.swift in Sources */,
				8F1183ED2A70E29F00F012FA /* RegisterViewModel.swift in Sources */,
				8F1183F02A70F85F00F012FA /* NetworkCalls.swift in Sources */,
				8F1183E12A6FA8CF00F012FA /* RegistrationPage.swift in Sources */,
				8F1183F22A70FFCA00F012FA /* ResponseFile.swift in Sources */,
				8F1183B72A6E975800F012FA /* LogInScreenApp.swift in Sources */,
				8F1183E62A6FF76F00F012FA /* Constants.swift in Sources */,
				8F1183EB2A70E0E100F012FA /* RegistrationModel.swift in Sources */,
			);
			runOnlyForDeploymentPostprocessing = 0;
		};
		8F1183BF2A6E975900F012FA /* Sources */ = {
			isa = PBXSourcesBuildPhase;
			buildActionMask = 2147483647;
			files = (
				8F1183C82A6E975900F012FA /* LogInScreenTests.swift in Sources */,
			);
			runOnlyForDeploymentPostprocessing = 0;
		};
		8F1183C92A6E975900F012FA /* Sources */ = {
			isa = PBXSourcesBuildPhase;
			buildActionMask = 2147483647;
			files = (
				8F1183D42A6E975900F012FA /* LogInScreenUITestsLaunchTests.swift in Sources */,
				8F1183D22A6E975900F012FA /* LogInScreenUITests.swift in Sources */,
			);
			runOnlyForDeploymentPostprocessing = 0;
		};
/* End PBXSourcesBuildPhase section */

/* Begin PBXTargetDependency section */
		8F1183C52A6E975900F012FA /* PBXTargetDependency */ = {
			isa = PBXTargetDependency;
			target = 8F1183B22A6E975800F012FA /* LogInScreen */;
			targetProxy = 8F1183C42A6E975900F012FA /* PBXContainerItemProxy */;
		};
		8F1183CF2A6E975900F012FA /* PBXTargetDependency */ = {
			isa = PBXTargetDependency;
			target = 8F1183B22A6E975800F012FA /* LogInScreen */;
			targetProxy = 8F1183CE2A6E975900F012FA /* PBXContainerItemProxy */;
		};
/* End PBXTargetDependency section */

/* Begin XCBuildConfiguration section */
		8F1183D52A6E975900F012FA /* Debug */ = {
			isa = XCBuildConfiguration;
			buildSettings = {
				ALWAYS_SEARCH_USER_PATHS = NO;
				CLANG_ANALYZER_NONNULL = YES;
				CLANG_ANALYZER_NUMBER_OBJECT_CONVERSION = YES_AGGRESSIVE;
				CLANG_CXX_LANGUAGE_STANDARD = "gnu++20";
				CLANG_ENABLE_MODULES = YES;
				CLANG_ENABLE_OBJC_ARC = YES;
				CLANG_ENABLE_OBJC_WEAK = YES;
				CLANG_WARN_BLOCK_CAPTURE_AUTORELEASING = YES;
				CLANG_WARN_BOOL_CONVERSION = YES;
				CLANG_WARN_COMMA = YES;
				CLANG_WARN_CONSTANT_CONVERSION = YES;
				CLANG_WARN_DEPRECATED_OBJC_IMPLEMENTATIONS = YES;
				CLANG_WARN_DIRECT_OBJC_ISA_USAGE = YES_ERROR;
				CLANG_WARN_DOCUMENTATION_COMMENTS = YES;
				CLANG_WARN_EMPTY_BODY = YES;
				CLANG_WARN_ENUM_CONVERSION = YES;
				CLANG_WARN_INFINITE_RECURSION = YES;
				CLANG_WARN_INT_CONVERSION = YES;
				CLANG_WARN_NON_LITERAL_NULL_CONVERSION = YES;
				CLANG_WARN_OBJC_IMPLICIT_RETAIN_SELF = YES;
				CLANG_WARN_OBJC_LITERAL_CONVERSION = YES;
				CLANG_WARN_OBJC_ROOT_CLASS = YES_ERROR;
				CLANG_WARN_QUOTED_INCLUDE_IN_FRAMEWORK_HEADER = YES;
				CLANG_WARN_RANGE_LOOP_ANALYSIS = YES;
				CLANG_WARN_STRICT_PROTOTYPES = YES;
				CLANG_WARN_SUSPICIOUS_MOVE = YES;
				CLANG_WARN_UNGUARDED_AVAILABILITY = YES_AGGRESSIVE;
				CLANG_WARN_UNREACHABLE_CODE = YES;
				CLANG_WARN__DUPLICATE_METHOD_MATCH = YES;
				COPY_PHASE_STRIP = NO;
				DEBUG_INFORMATION_FORMAT = dwarf;
				ENABLE_STRICT_OBJC_MSGSEND = YES;
				ENABLE_TESTABILITY = YES;
				GCC_C_LANGUAGE_STANDARD = gnu11;
				GCC_DYNAMIC_NO_PIC = NO;
				GCC_NO_COMMON_BLOCKS = YES;
				GCC_OPTIMIZATION_LEVEL = 0;
				GCC_PREPROCESSOR_DEFINITIONS = (
					"DEBUG=1",
					"$(inherited)",
				);
				GCC_WARN_64_TO_32_BIT_CONVERSION = YES;
				GCC_WARN_ABOUT_RETURN_TYPE = YES_ERROR;
				GCC_WARN_UNDECLARED_SELECTOR = YES;
				GCC_WARN_UNINITIALIZED_AUTOS = YES_AGGRESSIVE;
				GCC_WARN_UNUSED_FUNCTION = YES;
				GCC_WARN_UNUSED_VARIABLE = YES;
				IPHONEOS_DEPLOYMENT_TARGET = 16.2;
				MTL_ENABLE_DEBUG_INFO = INCLUDE_SOURCE;
				MTL_FAST_MATH = YES;
				ONLY_ACTIVE_ARCH = YES;
				SDKROOT = iphoneos;
				SWIFT_ACTIVE_COMPILATION_CONDITIONS = DEBUG;
				SWIFT_OPTIMIZATION_LEVEL = "-Onone";
			};
			name = Debug;
		};
		8F1183D62A6E975900F012FA /* Release */ = {
			isa = XCBuildConfiguration;
			buildSettings = {
				ALWAYS_SEARCH_USER_PATHS = NO;
				CLANG_ANALYZER_NONNULL = YES;
				CLANG_ANALYZER_NUMBER_OBJECT_CONVERSION = YES_AGGRESSIVE;
				CLANG_CXX_LANGUAGE_STANDARD = "gnu++20";
				CLANG_ENABLE_MODULES = YES;
				CLANG_ENABLE_OBJC_ARC = YES;
				CLANG_ENABLE_OBJC_WEAK = YES;
				CLANG_WARN_BLOCK_CAPTURE_AUTORELEASING = YES;
				CLANG_WARN_BOOL_CONVERSION = YES;
				CLANG_WARN_COMMA = YES;
				CLANG_WARN_CONSTANT_CONVERSION = YES;
				CLANG_WARN_DEPRECATED_OBJC_IMPLEMENTATIONS = YES;
				CLANG_WARN_DIRECT_OBJC_ISA_USAGE = YES_ERROR;
				CLANG_WARN_DOCUMENTATION_COMMENTS = YES;
				CLANG_WARN_EMPTY_BODY = YES;
				CLANG_WARN_ENUM_CONVERSION = YES;
				CLANG_WARN_INFINITE_RECURSION = YES;
				CLANG_WARN_INT_CONVERSION = YES;
				CLANG_WARN_NON_LITERAL_NULL_CONVERSION = YES;
				CLANG_WARN_OBJC_IMPLICIT_RETAIN_SELF = YES;
				CLANG_WARN_OBJC_LITERAL_CONVERSION = YES;
				CLANG_WARN_OBJC_ROOT_CLASS = YES_ERROR;
				CLANG_WARN_QUOTED_INCLUDE_IN_FRAMEWORK_HEADER = YES;
				CLANG_WARN_RANGE_LOOP_ANALYSIS = YES;
				CLANG_WARN_STRICT_PROTOTYPES = YES;
				CLANG_WARN_SUSPICIOUS_MOVE = YES;
				CLANG_WARN_UNGUARDED_AVAILABILITY = YES_AGGRESSIVE;
				CLANG_WARN_UNREACHABLE_CODE = YES;
				CLANG_WARN__DUPLICATE_METHOD_MATCH = YES;
				COPY_PHASE_STRIP = NO;
				DEBUG_INFORMATION_FORMAT = "dwarf-with-dsym";
				ENABLE_NS_ASSERTIONS = NO;
				ENABLE_STRICT_OBJC_MSGSEND = YES;
				GCC_C_LANGUAGE_STANDARD = gnu11;
				GCC_NO_COMMON_BLOCKS = YES;
				GCC_WARN_64_TO_32_BIT_CONVERSION = YES;
				GCC_WARN_ABOUT_RETURN_TYPE = YES_ERROR;
				GCC_WARN_UNDECLARED_SELECTOR = YES;
				GCC_WARN_UNINITIALIZED_AUTOS = YES_AGGRESSIVE;
				GCC_WARN_UNUSED_FUNCTION = YES;
				GCC_WARN_UNUSED_VARIABLE = YES;
				IPHONEOS_DEPLOYMENT_TARGET = 16.2;
				MTL_ENABLE_DEBUG_INFO = NO;
				MTL_FAST_MATH = YES;
				SDKROOT = iphoneos;
				SWIFT_COMPILATION_MODE = wholemodule;
				SWIFT_OPTIMIZATION_LEVEL = "-O";
				VALIDATE_PRODUCT = YES;
			};
			name = Release;
		};
		8F1183D82A6E975900F012FA /* Debug */ = {
			isa = XCBuildConfiguration;
			buildSettings = {
				ASSETCATALOG_COMPILER_APPICON_NAME = AppIcon;
				ASSETCATALOG_COMPILER_GLOBAL_ACCENT_COLOR_NAME = AccentColor;
				CODE_SIGN_STYLE = Automatic;
				CURRENT_PROJECT_VERSION = 1;
				DEVELOPMENT_ASSET_PATHS = "\"LogInScreen/Preview Content\"";
				DEVELOPMENT_TEAM = YAB2H9PVD8;
				ENABLE_PREVIEWS = YES;
				GENERATE_INFOPLIST_FILE = YES;
				INFOPLIST_KEY_UIApplicationSceneManifest_Generation = YES;
				INFOPLIST_KEY_UIApplicationSupportsIndirectInputEvents = YES;
				INFOPLIST_KEY_UILaunchScreen_Generation = YES;
				INFOPLIST_KEY_UISupportedInterfaceOrientations_iPad = "UIInterfaceOrientationPortrait UIInterfaceOrientationPortraitUpsideDown UIInterfaceOrientationLandscapeLeft UIInterfaceOrientationLandscapeRight";
				INFOPLIST_KEY_UISupportedInterfaceOrientations_iPhone = "UIInterfaceOrientationPortrait UIInterfaceOrientationLandscapeLeft UIInterfaceOrientationLandscapeRight";
				LD_RUNPATH_SEARCH_PATHS = (
					"$(inherited)",
					"@executable_path/Frameworks",
				);
				MARKETING_VERSION = 1.0;
				PRODUCT_BUNDLE_IDENTIFIER = com.exmaple.LogInScreen;
				PRODUCT_NAME = "$(TARGET_NAME)";
				SWIFT_EMIT_LOC_STRINGS = YES;
				SWIFT_VERSION = 5.0;
				TARGETED_DEVICE_FAMILY = "1,2";
			};
			name = Debug;
		};
		8F1183D92A6E975900F012FA /* Release */ = {
			isa = XCBuildConfiguration;
			buildSettings = {
				ASSETCATALOG_COMPILER_APPICON_NAME = AppIcon;
				ASSETCATALOG_COMPILER_GLOBAL_ACCENT_COLOR_NAME = AccentColor;
				CODE_SIGN_STYLE = Automatic;
				CURRENT_PROJECT_VERSION = 1;
				DEVELOPMENT_ASSET_PATHS = "\"LogInScreen/Preview Content\"";
				DEVELOPMENT_TEAM = YAB2H9PVD8;
				ENABLE_PREVIEWS = YES;
				GENERATE_INFOPLIST_FILE = YES;
				INFOPLIST_KEY_UIApplicationSceneManifest_Generation = YES;
				INFOPLIST_KEY_UIApplicationSupportsIndirectInputEvents = YES;
				INFOPLIST_KEY_UILaunchScreen_Generation = YES;
				INFOPLIST_KEY_UISupportedInterfaceOrientations_iPad = "UIInterfaceOrientationPortrait UIInterfaceOrientationPortraitUpsideDown UIInterfaceOrientationLandscapeLeft UIInterfaceOrientationLandscapeRight";
				INFOPLIST_KEY_UISupportedInterfaceOrientations_iPhone = "UIInterfaceOrientationPortrait UIInterfaceOrientationLandscapeLeft UIInterfaceOrientationLandscapeRight";
				LD_RUNPATH_SEARCH_PATHS = (
					"$(inherited)",
					"@executable_path/Frameworks",
				);
				MARKETING_VERSION = 1.0;
				PRODUCT_BUNDLE_IDENTIFIER = com.exmaple.LogInScreen;
				PRODUCT_NAME = "$(TARGET_NAME)";
				SWIFT_EMIT_LOC_STRINGS = YES;
				SWIFT_VERSION = 5.0;
				TARGETED_DEVICE_FAMILY = "1,2";
			};
			name = Release;
		};
		8F1183DB2A6E975900F012FA /* Debug */ = {
			isa = XCBuildConfiguration;
			buildSettings = {
				ALWAYS_EMBED_SWIFT_STANDARD_LIBRARIES = YES;
				BUNDLE_LOADER = "$(TEST_HOST)";
				CODE_SIGN_STYLE = Automatic;
				CURRENT_PROJECT_VERSION = 1;
				DEVELOPMENT_TEAM = YAB2H9PVD8;
				GENERATE_INFOPLIST_FILE = YES;
				IPHONEOS_DEPLOYMENT_TARGET = 16.2;
				MARKETING_VERSION = 1.0;
				PRODUCT_BUNDLE_IDENTIFIER = com.exmaple.LogInScreenTests;
				PRODUCT_NAME = "$(TARGET_NAME)";
				SWIFT_EMIT_LOC_STRINGS = NO;
				SWIFT_VERSION = 5.0;
				TARGETED_DEVICE_FAMILY = "1,2";
				TEST_HOST = "$(BUILT_PRODUCTS_DIR)/LogInScreen.app/$(BUNDLE_EXECUTABLE_FOLDER_PATH)/LogInScreen";
			};
			name = Debug;
		};
		8F1183DC2A6E975900F012FA /* Release */ = {
			isa = XCBuildConfiguration;
			buildSettings = {
				ALWAYS_EMBED_SWIFT_STANDARD_LIBRARIES = YES;
				BUNDLE_LOADER = "$(TEST_HOST)";
				CODE_SIGN_STYLE = Automatic;
				CURRENT_PROJECT_VERSION = 1;
				DEVELOPMENT_TEAM = YAB2H9PVD8;
				GENERATE_INFOPLIST_FILE = YES;
				IPHONEOS_DEPLOYMENT_TARGET = 16.2;
				MARKETING_VERSION = 1.0;
				PRODUCT_BUNDLE_IDENTIFIER = com.exmaple.LogInScreenTests;
				PRODUCT_NAME = "$(TARGET_NAME)";
				SWIFT_EMIT_LOC_STRINGS = NO;
				SWIFT_VERSION = 5.0;
				TARGETED_DEVICE_FAMILY = "1,2";
				TEST_HOST = "$(BUILT_PRODUCTS_DIR)/LogInScreen.app/$(BUNDLE_EXECUTABLE_FOLDER_PATH)/LogInScreen";
			};
			name = Release;
		};
		8F1183DE2A6E975900F012FA /* Debug */ = {
			isa = XCBuildConfiguration;
			buildSettings = {
				ALWAYS_EMBED_SWIFT_STANDARD_LIBRARIES = YES;
				CODE_SIGN_STYLE = Automatic;
				CURRENT_PROJECT_VERSION = 1;
				DEVELOPMENT_TEAM = YAB2H9PVD8;
				GENERATE_INFOPLIST_FILE = YES;
				MARKETING_VERSION = 1.0;
				PRODUCT_BUNDLE_IDENTIFIER = com.exmaple.LogInScreenUITests;
				PRODUCT_NAME = "$(TARGET_NAME)";
				SWIFT_EMIT_LOC_STRINGS = NO;
				SWIFT_VERSION = 5.0;
				TARGETED_DEVICE_FAMILY = "1,2";
				TEST_TARGET_NAME = LogInScreen;
			};
			name = Debug;
		};
		8F1183DF2A6E975900F012FA /* Release */ = {
			isa = XCBuildConfiguration;
			buildSettings = {
				ALWAYS_EMBED_SWIFT_STANDARD_LIBRARIES = YES;
				CODE_SIGN_STYLE = Automatic;
				CURRENT_PROJECT_VERSION = 1;
				DEVELOPMENT_TEAM = YAB2H9PVD8;
				GENERATE_INFOPLIST_FILE = YES;
				MARKETING_VERSION = 1.0;
				PRODUCT_BUNDLE_IDENTIFIER = com.exmaple.LogInScreenUITests;
				PRODUCT_NAME = "$(TARGET_NAME)";
				SWIFT_EMIT_LOC_STRINGS = NO;
				SWIFT_VERSION = 5.0;
				TARGETED_DEVICE_FAMILY = "1,2";
				TEST_TARGET_NAME = LogInScreen;
			};
			name = Release;
		};
/* End XCBuildConfiguration section */

/* Begin XCConfigurationList section */
		8F1183AE2A6E975800F012FA /* Build configuration list for PBXProject "LogInScreen" */ = {
			isa = XCConfigurationList;
			buildConfigurations = (
				8F1183D52A6E975900F012FA /* Debug */,
				8F1183D62A6E975900F012FA /* Release */,
			);
			defaultConfigurationIsVisible = 0;
			defaultConfigurationName = Release;
		};
		8F1183D72A6E975900F012FA /* Build configuration list for PBXNativeTarget "LogInScreen" */ = {
			isa = XCConfigurationList;
			buildConfigurations = (
				8F1183D82A6E975900F012FA /* Debug */,
				8F1183D92A6E975900F012FA /* Release */,
			);
			defaultConfigurationIsVisible = 0;
			defaultConfigurationName = Release;
		};
		8F1183DA2A6E975900F012FA /* Build configuration list for PBXNativeTarget "LogInScreenTests" */ = {
			isa = XCConfigurationList;
			buildConfigurations = (
				8F1183DB2A6E975900F012FA /* Debug */,
				8F1183DC2A6E975900F012FA /* Release */,
			);
			defaultConfigurationIsVisible = 0;
			defaultConfigurationName = Release;
		};
		8F1183DD2A6E975900F012FA /* Build configuration list for PBXNativeTarget "LogInScreenUITests" */ = {
			isa = XCConfigurationList;
			buildConfigurations = (
				8F1183DE2A6E975900F012FA /* Debug */,
				8F1183DF2A6E975900F012FA /* Release */,
			);
			defaultConfigurationIsVisible = 0;
			defaultConfigurationName = Release;
		};
/* End XCConfigurationList section */
	};
	rootObject = 8F1183AB2A6E975800F012FA /* Project object */;
}
